# This file is automatically @generated by Cargo.
# It is not intended for manual editing.
version = 4

[[package]]
name = "linura-agent-runtime"
version = "0.0.0"
dependencies = [
 "linura-core",
 "linura-intent",
]

[[package]]
name = "linura-capability-sdk"
version = "0.0.0"
dependencies = [
 "linura-core",
]

[[package]]
name = "linura-control"
version = "0.0.0"
dependencies = [
 "linura-core",
 "linura-graph",
 "linura-intent",
 "linura-lifecycle",
 "linura-planner",
 "linura-policy",
 "linura-protocol",
 "linura-provider-sdk",
]

[[package]]
name = "linura-core"
version = "0.0.0"

[[package]]
name = "linura-executor-systemd"
version = "0.0.0"
dependencies = [
 "linura-core",
]

[[package]]
name = "linura-firstboot"
version = "0.0.0"

[[package]]
name = "linura-graph"
version = "0.0.0"
dependencies = [
 "linura-core",
]

[[package]]
name = "linura-intent"
version = "0.0.0"
dependencies = [
 "linura-core",
]

[[package]]
name = "linura-planner"
version = "0.0.0"
dependencies = [
 "linura-capability-sdk",
 "linura-core",
 "linura-intent",
]

[[package]]
name = "linura-policy"
version = "0.0.0"
dependencies = [
 "linura-core",
]

[[package]]
name = "linura-protocol"
version = "0.0.0"
dependencies = [
 "linura-core",
 "linura-graph",
 "linura-intent",
 "linura-provenance",
]

[[package]]
name = "linura-provenance"
version = "0.0.0"
dependencies = [
 "linura-core",
]

[[package]]
name = "linura-provider-sdk"
version = "0.0.0"
dependencies = [
 "linura-core",
 "linura-protocol",
]

[[package]]
name = "linura-sdk"
version = "0.0.0"
dependencies = [
 "linura-capability-sdk",
 "linura-core",
 "linura-graph",
 "linura-intent",
 "linura-protocol",
 "linura-provenance",
]

[[package]]
name = "linuractl"
version = "0.0.0"
dependencies = [
 "linura-sdk",
]

[[package]]
name = "linurad"
version = "0.0.0"
dependencies = [
 "linura-control",
 "linura-policy",
]

[[package]]
name = "linura-bootstrap"
version = "0.0.0"

[[package]]
name = "linura-config"
version = "0.0.0"

[[package]]
name = "linura-hardware"
version = "0.0.0"

[[package]]
name = "linura-lifecycle"
version = "0.0.0"

[[package]]
name = "linura-migrations"
version = "0.0.0"

[[package]]
name = "linura-testkit"
version = "0.0.0"
dependencies = [
 "linura-core",
 "linura-protocol",
 "linura-provider-sdk",
]

[[package]]
name = "linura-update"
version = "0.0.0"

[[package]]
name = "linura-update-guard"
version = "0.0.0"
dependencies = [
 "linura-update",
]

[[package]]
name = "xtask"
version = "0.0.0"
